// !$*UTF8*$!
{
	archiveVersion = 1;
	classes = {
	};
	objectVersion = 56;
	objects = {

/* Begin PBXBuildFile section */
		0292360A2B919A80001B5D71 /* SplineApp.swift in Sources */ = {isa = PBXBuildFile; fileRef = 029236092B919A80001B5D71 /* SplineApp.swift */; };
		0292360C2B919A80001B5D71 /* ContentView.swift in Sources */ = {isa = PBXBuildFile; fileRef = 0292360B2B919A80001B5D71 /* ContentView.swift */; };
		0292360E2B919A82001B5D71 /* Assets.xcassets in Resources */ = {isa = PBXBuildFile; fileRef = 0292360D2B919A82001B5D71 /* Assets.xcassets */; };
		029236112B919A82001B5D71 /* Preview Assets.xcassets in Resources */ = {isa = PBXBuildFile; fileRef = 029236102B919A82001B5D71 /* Preview Assets.xcassets */; };
		0292361B2B919A82001B5D71 /* SplineTests.swift in Sources */ = {isa = PBXBuildFile; fileRef = 0292361A2B919A82001B5D71 /* SplineTests.swift */; };
		029236252B919A82001B5D71 /* SplineUITests.swift in Sources */ = {isa = PBXBuildFile; fileRef = 029236242B919A82001B5D71 /* SplineUITests.swift */; };
		029236272B919A82001B5D71 /* SplineUITestsLaunchTests.swift in Sources */ = {isa = PBXBuildFile; fileRef = 029236262B919A82001B5D71 /* SplineUITestsLaunchTests.swift */; };
/* End PBXBuildFile section */

/* Begin PBXContainerItemProxy section */
		029236172B919A82001B5D71 /* PBXContainerItemProxy */ = {
			isa = PBXContainerItemProxy;
			containerPortal = 029235FE2B919A80001B5D71 /* Project object */;
			proxyType = 1;
			remoteGlobalIDString = 029236052B919A80001B5D71;
			remoteInfo = Spline;
		};
		029236212B919A82001B5D71 /* PBXContainerItemProxy */ = {
			isa = PBXContainerItemProxy;
			containerPortal = 029235FE2B919A80001B5D71 /* Project object */;
			proxyType = 1;
			remoteGlobalIDString = 029236052B919A80001B5D71;
			remoteInfo = Spline;
		};
/* End PBXContainerItemProxy section */

/* Begin PBXFileReference section */
		029236062B919A80001B5D71 /* Spline.app */ = {isa = PBXFileReference; explicitFileType = wrapper.application; includeInIndex = 0; path = Spline.app; sourceTree = BUILT_PRODUCTS_DIR; };
		029236092B919A80001B5D71 /* SplineApp.swift */ = {isa = PBXFileReference; lastKnownFileType = sourcecode.swift; path = SplineApp.swift; sourceTree = "<group>"; };
		0292360B2B919A80001B5D71 /* ContentView.swift */ = {isa = PBXFileReference; lastKnownFileType = sourcecode.swift; path = ContentView.swift; sourceTree = "<group>"; };
		0292360D2B919A82001B5D71 /* Assets.xcassets */ = {isa = PBXFileReference; lastKnownFileType = folder.assetcatalog; path = Assets.xcassets; sourceTree = "<group>"; };
		029236102B919A82001B5D71 /* Preview Assets.xcassets */ = {isa = PBXFileReference; lastKnownFileType = folder.assetcatalog; path = "Preview Assets.xcassets"; sourceTree = "<group>"; };
		029236162B919A82001B5D71 /* SplineTests.xctest */ = {isa = PBXFileReference; explicitFileType = wrapper.cfbundle; includeInIndex = 0; path = SplineTests.xctest; sourceTree = BUILT_PRODUCTS_DIR; };
		0292361A2B919A82001B5D71 /* SplineTests.swift */ = {isa = PBXFileReference; lastKnownFileType = sourcecode.swift; path = SplineTests.swift; sourceTree = "<group>"; };
		029236202B919A82001B5D71 /* SplineUITests.xctest */ = {isa = PBXFileReference; explicitFileType = wrapper.cfbundle; includeInIndex = 0; path = SplineUITests.xctest; sourceTree = BUILT_PRODUCTS_DIR; };
		029236242B919A82001B5D71 /* SplineUITests.swift */ = {isa = PBXFileReference; lastKnownFileType = sourcecode.swift; path = SplineUITests.swift; sourceTree = "<group>"; };
		029236262B919A82001B5D71 /* SplineUITestsLaunchTests.swift */ = {isa = PBXFileReference; lastKnownFileType = sourcecode.swift; path = SplineUITestsLaunchTests.swift; sourceTree = "<group>"; };
/* End PBXFileReference section */

/* Begin PBXFrameworksBuildPhase section */
		029236032B919A80001B5D71 /* Frameworks */ = {
			isa = PBXFrameworksBuildPhase;
			buildActionMask = 2147483647;
			files = (
			);
			runOnlyForDeploymentPostprocessing = 0;
		};
		029236132B919A82001B5D71 /* Frameworks */ = {
			isa = PBXFrameworksBuildPhase;
			buildActionMask = 2147483647;
			files = (
			);
			runOnlyForDeploymentPostprocessing = 0;
		};
		0292361D2B919A82001B5D71 /* Frameworks */ = {
			isa = PBXFrameworksBuildPhase;
			buildActionMask = 2147483647;
			files = (
			);
			runOnlyForDeploymentPostprocessing = 0;
		};
/* End PBXFrameworksBuildPhase section */

/* Begin PBXGroup section */
		029235FD2B919A80001B5D71 = {
			isa = PBXGroup;
			children = (
				029236082B919A80001B5D71 /* Spline */,
				029236192B919A82001B5D71 /* SplineTests */,
				029236232B919A82001B5D71 /* SplineUITests */,
				029236072B919A80001B5D71 /* Products */,
			);
			sourceTree = "<group>";
		};
		029236072B919A80001B5D71 /* Products */ = {
			isa = PBXGroup;
			children = (
				029236062B919A80001B5D71 /* Spline.app */,
				029236162B919A82001B5D71 /* SplineTests.xctest */,
				029236202B919A82001B5D71 /* SplineUITests.xctest */,
			);
			name = Products;
			sourceTree = "<group>";
		};
		029236082B919A80001B5D71 /* Spline */ = {
			isa = PBXGroup;
			children = (
				029236092B919A80001B5D71 /* SplineApp.swift */,
				0292360B2B919A80001B5D71 /* ContentView.swift */,
				0292360D2B919A82001B5D71 /* Assets.xcassets */,
				0292360F2B919A82001B5D71 /* Preview Content */,
			);
			path = Spline;
			sourceTree = "<group>";
		};
		0292360F2B919A82001B5D71 /* Preview Content */ = {
			isa = PBXGroup;
			children = (
				029236102B919A82001B5D71 /* Preview Assets.xcassets */,
			);
			path = "Preview Content";
			sourceTree = "<group>";
		};
		029236192B919A82001B5D71 /* SplineTests */ = {
			isa = PBXGroup;
			children = (
				0292361A2B919A82001B5D71 /* SplineTests.swift */,
			);
			path = SplineTests;
			sourceTree = "<group>";
		};
		029236232B919A82001B5D71 /* SplineUITests */ = {
			isa = PBXGroup;
			children = (
				029236242B919A82001B5D71 /* SplineUITests.swift */,
				029236262B919A82001B5D71 /* SplineUITestsLaunchTests.swift */,
			);
			path = SplineUITests;
			sourceTree = "<group>";
		};
/* End PBXGroup section */

/* Begin PBXNativeTarget section */
		029236052B919A80001B5D71 /* Spline */ = {
			isa = PBXNativeTarget;
			buildConfigurationList = 0292362A2B919A82001B5D71 /* Build configuration list for PBXNativeTarget "Spline" */;
			buildPhases = (
				029236022B919A80001B5D71 /* Sources */,
				029236032B919A80001B5D71 /* Frameworks */,
				029236042B919A80001B5D71 /* Resources */,
			);
			buildRules = (
			);
			dependencies = (
			);
			name = Spline;
			productName = Spline;
			productReference = 029236062B919A80001B5D71 /* Spline.app */;
			productType = "com.apple.product-type.application";
		};
		029236152B919A82001B5D71 /* SplineTests */ = {
			isa = PBXNativeTarget;
			buildConfigurationList = 0292362D2B919A82001B5D71 /* Build configuration list for PBXNativeTarget "SplineTests" */;
			buildPhases = (
				029236122B919A82001B5D71 /* Sources */,
				029236132B919A82001B5D71 /* Frameworks */,
				029236142B919A82001B5D71 /* Resources */,
			);
			buildRules = (
			);
			dependencies = (
				029236182B919A82001B5D71 /* PBXTargetDependency */,
			);
			name = SplineTests;
			productName = SplineTests;
			productReference = 029236162B919A82001B5D71 /* SplineTests.xctest */;
			productType = "com.apple.product-type.bundle.unit-test";
		};
		0292361F2B919A82001B5D71 /* SplineUITests */ = {
			isa = PBXNativeTarget;
			buildConfigurationList = 029236302B919A82001B5D71 /* Build configuration list for PBXNativeTarget "SplineUITests" */;
			buildPhases = (
				0292361C2B919A82001B5D71 /* Sources */,
				0292361D2B919A82001B5D71 /* Frameworks */,
				0292361E2B919A82001B5D71 /* Resources */,
			);
			buildRules = (
			);
			dependencies = (
				029236222B919A82001B5D71 /* PBXTargetDependency */,
			);
			name = SplineUITests;
			productName = SplineUITests;
			productReference = 029236202B919A82001B5D71 /* SplineUITests.xctest */;
			productType = "com.apple.product-type.bundle.ui-testing";
		};
/* End PBXNativeTarget section */

/* Begin PBXProject section */
		029235FE2B919A80001B5D71 /* Project object */ = {
			isa = PBXProject;
			attributes = {
				BuildIndependentTargetsInParallel = 1;
				LastSwiftUpdateCheck = 1520;
				LastUpgradeCheck = 1520;
				TargetAttributes = {
					029236052B919A80001B5D71 = {
						CreatedOnToolsVersion = 15.2;
					};
					029236152B919A82001B5D71 = {
						CreatedOnToolsVersion = 15.2;
						TestTargetID = 029236052B919A80001B5D71;
					};
					0292361F2B919A82001B5D71 = {
						CreatedOnToolsVersion = 15.2;
						TestTargetID = 029236052B919A80001B5D71;
					};
				};
			};
			buildConfigurationList = 029236012B919A80001B5D71 /* Build configuration list for PBXProject "Spline" */;
			compatibilityVersion = "Xcode 14.0";
			developmentRegion = en;
			hasScannedForEncodings = 0;
			knownRegions = (
				en,
				Base,
			);
			mainGroup = 029235FD2B919A80001B5D71;
			productRefGroup = 029236072B919A80001B5D71 /* Products */;
			projectDirPath = "";
			projectRoot = "";
			targets = (
				029236052B919A80001B5D71 /* Spline */,
				029236152B919A82001B5D71 /* SplineTests */,
				0292361F2B919A82001B5D71 /* SplineUITests */,
			);
		};
/* End PBXProject section */

/* Begin PBXResourcesBuildPhase section */
		029236042B919A80001B5D71 /* Resources */ = {
			isa = PBXResourcesBuildPhase;
			buildActionMask = 2147483647;
			files = (
				029236112B919A82001B5D71 /* Preview Assets.xcassets in Resources */,
				0292360E2B919A82001B5D71 /* Assets.xcassets in Resources */,
			);
			runOnlyForDeploymentPostprocessing = 0;
		};
		029236142B919A82001B5D71 /* Resources */ = {
			isa = PBXResourcesBuildPhase;
			buildActionMask = 2147483647;
			files = (
			);
			runOnlyForDeploymentPostprocessing = 0;
		};
		0292361E2B919A82001B5D71 /* Resources */ = {
			isa = PBXResourcesBuildPhase;
			buildActionMask = 2147483647;
			files = (
			);
			runOnlyForDeploymentPostprocessing = 0;
		};
/* End PBXResourcesBuildPhase section */

/* Begin PBXSourcesBuildPhase section */
		029236022B919A80001B5D71 /* Sources */ = {
			isa = PBXSourcesBuildPhase;
			buildActionMask = 2147483647;
			files = (
				0292360C2B919A80001B5D71 /* ContentView.swift in Sources */,
				0292360A2B919A80001B5D71 /* SplineApp.swift in Sources */,
			);
			runOnlyForDeploymentPostprocessing = 0;
		};
		029236122B919A82001B5D71 /* Sources */ = {
			isa = PBXSourcesBuildPhase;
			buildActionMask = 2147483647;
			files = (
				0292361B2B919A82001B5D71 /* SplineTests.swift in Sources */,
			);
			runOnlyForDeploymentPostprocessing = 0;
		};
		0292361C2B919A82001B5D71 /* Sources */ = {
			isa = PBXSourcesBuildPhase;
			buildActionMask = 2147483647;
			files = (
				029236252B919A82001B5D71 /* SplineUITests.swift in Sources */,
				029236272B919A82001B5D71 /* SplineUITestsLaunchTests.swift in Sources */,
			);
			runOnlyForDeploymentPostprocessing = 0;
		};
/* End PBXSourcesBuildPhase section */

/* Begin PBXTargetDependency section */
		029236182B919A82001B5D71 /* PBXTargetDependency */ = {
			isa = PBXTargetDependency;
			target = 029236052B919A80001B5D71 /* Spline */;
			targetProxy = 029236172B919A82001B5D71 /* PBXContainerItemProxy */;
		};
		029236222B919A82001B5D71 /* PBXTargetDependency */ = {
			isa = PBXTargetDependency;
			target = 029236052B919A80001B5D71 /* Spline */;
			targetProxy = 029236212B919A82001B5D71 /* PBXContainerItemProxy */;
		};
/* End PBXTargetDependency section */

/* Begin XCBuildConfiguration section */
		029236282B919A82001B5D71 /* Debug */ = {
			isa = XCBuildConfiguration;
			buildSettings = {
				ALWAYS_SEARCH_USER_PATHS = NO;
				ASSETCATALOG_COMPILER_GENERATE_SWIFT_ASSET_SYMBOL_EXTENSIONS = YES;
				CLANG_ANALYZER_NONNULL = YES;
				CLANG_ANALYZER_NUMBER_OBJECT_CONVERSION = YES_AGGRESSIVE;
				CLANG_CXX_LANGUAGE_STANDARD = "gnu++20";
				CLANG_ENABLE_MODULES = YES;
				CLANG_ENABLE_OBJC_ARC = YES;
				CLANG_ENABLE_OBJC_WEAK = YES;
				CLANG_WARN_BLOCK_CAPTURE_AUTORELEASING = YES;
				CLANG_WARN_BOOL_CONVERSION = YES;
				CLANG_WARN_COMMA = YES;
				CLANG_WARN_CONSTANT_CONVERSION = YES;
				CLANG_WARN_DEPRECATED_OBJC_IMPLEMENTATIONS = YES;
				CLANG_WARN_DIRECT_OBJC_ISA_USAGE = YES_ERROR;
				CLANG_WARN_DOCUMENTATION_COMMENTS = YES;
				CLANG_WARN_EMPTY_BODY = YES;
				CLANG_WARN_ENUM_CONVERSION = YES;
				CLANG_WARN_INFINITE_RECURSION = YES;
				CLANG_WARN_INT_CONVERSION = YES;
				CLANG_WARN_NON_LITERAL_NULL_CONVERSION = YES;
				CLANG_WARN_OBJC_IMPLICIT_RETAIN_SELF = YES;
				CLANG_WARN_OBJC_LITERAL_CONVERSION = YES;
				CLANG_WARN_OBJC_ROOT_CLASS = YES_ERROR;
				CLANG_WARN_QUOTED_INCLUDE_IN_FRAMEWORK_HEADER = YES;
				CLANG_WARN_RANGE_LOOP_ANALYSIS = YES;
				CLANG_WARN_STRICT_PROTOTYPES = YES;
				CLANG_WARN_SUSPICIOUS_MOVE = YES;
				CLANG_WARN_UNGUARDED_AVAILABILITY = YES_AGGRESSIVE;
				CLANG_WARN_UNREACHABLE_CODE = YES;
				CLANG_WARN__DUPLICATE_METHOD_MATCH = YES;
				COPY_PHASE_STRIP = NO;
				DEBUG_INFORMATION_FORMAT = dwarf;
				ENABLE_STRICT_OBJC_MSGSEND = YES;
				ENABLE_TESTABILITY = YES;
				ENABLE_USER_SCRIPT_SANDBOXING = YES;
				GCC_C_LANGUAGE_STANDARD = gnu17;
				GCC_DYNAMIC_NO_PIC = NO;
				GCC_NO_COMMON_BLOCKS = YES;
				GCC_OPTIMIZATION_LEVEL = 0;
				GCC_PREPROCESSOR_DEFINITIONS = (
					"DEBUG=1",
					"$(inherited)",
				);
				GCC_WARN_64_TO_32_BIT_CONVERSION = YES;
				GCC_WARN_ABOUT_RETURN_TYPE = YES_ERROR;
				GCC_WARN_UNDECLARED_SELECTOR = YES;
				GCC_WARN_UNINITIALIZED_AUTOS = YES_AGGRESSIVE;
				GCC_WARN_UNUSED_FUNCTION = YES;
				GCC_WARN_UNUSED_VARIABLE = YES;
				IPHONEOS_DEPLOYMENT_TARGET = 17.2;
				LOCALIZATION_PREFERS_STRING_CATALOGS = YES;
				MTL_ENABLE_DEBUG_INFO = INCLUDE_SOURCE;
				MTL_FAST_MATH = YES;
				ONLY_ACTIVE_ARCH = YES;
				SDKROOT = iphoneos;
				SWIFT_ACTIVE_COMPILATION_CONDITIONS = "DEBUG $(inherited)";
				SWIFT_OPTIMIZATION_LEVEL = "-Onone";
			};
			name = Debug;
		};
		029236292B919A82001B5D71 /* Release */ = {
			isa = XCBuildConfiguration;
			buildSettings = {
				ALWAYS_SEARCH_USER_PATHS = NO;
				ASSETCATALOG_COMPILER_GENERATE_SWIFT_ASSET_SYMBOL_EXTENSIONS = YES;
				CLANG_ANALYZER_NONNULL = YES;
				CLANG_ANALYZER_NUMBER_OBJECT_CONVERSION = YES_AGGRESSIVE;
				CLANG_CXX_LANGUAGE_STANDARD = "gnu++20";
				CLANG_ENABLE_MODULES = YES;
				CLANG_ENABLE_OBJC_ARC = YES;
				CLANG_ENABLE_OBJC_WEAK = YES;
				CLANG_WARN_BLOCK_CAPTURE_AUTORELEASING = YES;
				CLANG_WARN_BOOL_CONVERSION = YES;
				CLANG_WARN_COMMA = YES;
				CLANG_WARN_CONSTANT_CONVERSION = YES;
				CLANG_WARN_DEPRECATED_OBJC_IMPLEMENTATIONS = YES;
				CLANG_WARN_DIRECT_OBJC_ISA_USAGE = YES_ERROR;
				CLANG_WARN_DOCUMENTATION_COMMENTS = YES;
				CLANG_WARN_EMPTY_BODY = YES;
				CLANG_WARN_ENUM_CONVERSION = YES;
				CLANG_WARN_INFINITE_RECURSION = YES;
				CLANG_WARN_INT_CONVERSION = YES;
				CLANG_WARN_NON_LITERAL_NULL_CONVERSION = YES;
				CLANG_WARN_OBJC_IMPLICIT_RETAIN_SELF = YES;
				CLANG_WARN_OBJC_LITERAL_CONVERSION = YES;
				CLANG_WARN_OBJC_ROOT_CLASS = YES_ERROR;
				CLANG_WARN_QUOTED_INCLUDE_IN_FRAMEWORK_HEADER = YES;
				CLANG_WARN_RANGE_LOOP_ANALYSIS = YES;
				CLANG_WARN_STRICT_PROTOTYPES = YES;
				CLANG_WARN_SUSPICIOUS_MOVE = YES;
				CLANG_WARN_UNGUARDED_AVAILABILITY = YES_AGGRESSIVE;
				CLANG_WARN_UNREACHABLE_CODE = YES;
				CLANG_WARN__DUPLICATE_METHOD_MATCH = YES;
				COPY_PHASE_STRIP = NO;
				DEBUG_INFORMATION_FORMAT = "dwarf-with-dsym";
				ENABLE_NS_ASSERTIONS = NO;
				ENABLE_STRICT_OBJC_MSGSEND = YES;
				ENABLE_USER_SCRIPT_SANDBOXING = YES;
				GCC_C_LANGUAGE_STANDARD = gnu17;
				GCC_NO_COMMON_BLOCKS = YES;
				GCC_WARN_64_TO_32_BIT_CONVERSION = YES;
				GCC_WARN_ABOUT_RETURN_TYPE = YES_ERROR;
				GCC_WARN_UNDECLARED_SELECTOR = YES;
				GCC_WARN_UNINITIALIZED_AUTOS = YES_AGGRESSIVE;
				GCC_WARN_UNUSED_FUNCTION = YES;
				GCC_WARN_UNUSED_VARIABLE = YES;
				IPHONEOS_DEPLOYMENT_TARGET = 17.2;
				LOCALIZATION_PREFERS_STRING_CATALOGS = YES;
				MTL_ENABLE_DEBUG_INFO = NO;
				MTL_FAST_MATH = YES;
				SDKROOT = iphoneos;
				SWIFT_COMPILATION_MODE = wholemodule;
				VALIDATE_PRODUCT = YES;
			};
			name = Release;
		};
		0292362B2B919A82001B5D71 /* Debug */ = {
			isa = XCBuildConfiguration;
			buildSettings = {
				ASSETCATALOG_COMPILER_APPICON_NAME = AppIcon;
				ASSETCATALOG_COMPILER_GLOBAL_ACCENT_COLOR_NAME = AccentColor;
				CODE_SIGN_STYLE = Automatic;
				CURRENT_PROJECT_VERSION = 1;
				DEVELOPMENT_ASSET_PATHS = "\"Spline/Preview Content\"";
				DEVELOPMENT_TEAM = 3DJRKA35SF;
				ENABLE_PREVIEWS = YES;
				GENERATE_INFOPLIST_FILE = YES;
				INFOPLIST_KEY_UIApplicationSceneManifest_Generation = YES;
				INFOPLIST_KEY_UIApplicationSupportsIndirectInputEvents = YES;
				INFOPLIST_KEY_UILaunchScreen_Generation = YES;
				INFOPLIST_KEY_UISupportedInterfaceOrientations_iPad = "UIInterfaceOrientationPortrait UIInterfaceOrientationPortraitUpsideDown UIInterfaceOrientationLandscapeLeft UIInterfaceOrientationLandscapeRight";
				INFOPLIST_KEY_UISupportedInterfaceOrientations_iPhone = "UIInterfaceOrientationPortrait UIInterfaceOrientationLandscapeLeft UIInterfaceOrientationLandscapeRight";
				LD_RUNPATH_SEARCH_PATHS = (
					"$(inherited)",
					"@executable_path/Frameworks",
				);
				MARKETING_VERSION = 1.0;
				PRODUCT_BUNDLE_IDENTIFIER = com.hedlynogan.Spline;
				PRODUCT_NAME = "$(TARGET_NAME)";
				SWIFT_EMIT_LOC_STRINGS = YES;
				SWIFT_VERSION = 5.0;
				TARGETED_DEVICE_FAMILY = "1,2";
			};
			name = Debug;
		};
		0292362C2B919A82001B5D71 /* Release */ = {
			isa = XCBuildConfiguration;
			buildSettings = {
				ASSETCATALOG_COMPILER_APPICON_NAME = AppIcon;
				ASSETCATALOG_COMPILER_GLOBAL_ACCENT_COLOR_NAME = AccentColor;
				CODE_SIGN_STYLE = Automatic;
				CURRENT_PROJECT_VERSION = 1;
				DEVELOPMENT_ASSET_PATHS = "\"Spline/Preview Content\"";
				DEVELOPMENT_TEAM = 3DJRKA35SF;
				ENABLE_PREVIEWS = YES;
				GENERATE_INFOPLIST_FILE = YES;
				INFOPLIST_KEY_UIApplicationSceneManifest_Generation = YES;
				INFOPLIST_KEY_UIApplicationSupportsIndirectInputEvents = YES;
				INFOPLIST_KEY_UILaunchScreen_Generation = YES;
				INFOPLIST_KEY_UISupportedInterfaceOrientations_iPad = "UIInterfaceOrientationPortrait UIInterfaceOrientationPortraitUpsideDown UIInterfaceOrientationLandscapeLeft UIInterfaceOrientationLandscapeRight";
				INFOPLIST_KEY_UISupportedInterfaceOrientations_iPhone = "UIInterfaceOrientationPortrait UIInterfaceOrientationLandscapeLeft UIInterfaceOrientationLandscapeRight";
				LD_RUNPATH_SEARCH_PATHS = (
					"$(inherited)",
					"@executable_path/Frameworks",
				);
				MARKETING_VERSION = 1.0;
				PRODUCT_BUNDLE_IDENTIFIER = com.hedlynogan.Spline;
				PRODUCT_NAME = "$(TARGET_NAME)";
				SWIFT_EMIT_LOC_STRINGS = YES;
				SWIFT_VERSION = 5.0;
				TARGETED_DEVICE_FAMILY = "1,2";
			};
			name = Release;
		};
		0292362E2B919A82001B5D71 /* Debug */ = {
			isa = XCBuildConfiguration;
			buildSettings = {
				ALWAYS_EMBED_SWIFT_STANDARD_LIBRARIES = YES;
				BUNDLE_LOADER = "$(TEST_HOST)";
				CODE_SIGN_STYLE = Automatic;
				CURRENT_PROJECT_VERSION = 1;
				DEVELOPMENT_TEAM = 3DJRKA35SF;
				GENERATE_INFOPLIST_FILE = YES;
				IPHONEOS_DEPLOYMENT_TARGET = 17.2;
				MARKETING_VERSION = 1.0;
				PRODUCT_BUNDLE_IDENTIFIER = com.hedlynogan.SplineTests;
				PRODUCT_NAME = "$(TARGET_NAME)";
				SWIFT_EMIT_LOC_STRINGS = NO;
				SWIFT_VERSION = 5.0;
				TARGETED_DEVICE_FAMILY = "1,2";
				TEST_HOST = "$(BUILT_PRODUCTS_DIR)/Spline.app/$(BUNDLE_EXECUTABLE_FOLDER_PATH)/Spline";
			};
			name = Debug;
		};
		0292362F2B919A82001B5D71 /* Release */ = {
			isa = XCBuildConfiguration;
			buildSettings = {
				ALWAYS_EMBED_SWIFT_STANDARD_LIBRARIES = YES;
				BUNDLE_LOADER = "$(TEST_HOST)";
				CODE_SIGN_STYLE = Automatic;
				CURRENT_PROJECT_VERSION = 1;
				DEVELOPMENT_TEAM = 3DJRKA35SF;
				GENERATE_INFOPLIST_FILE = YES;
				IPHONEOS_DEPLOYMENT_TARGET = 17.2;
				MARKETING_VERSION = 1.0;
				PRODUCT_BUNDLE_IDENTIFIER = com.hedlynogan.SplineTests;
				PRODUCT_NAME = "$(TARGET_NAME)";
				SWIFT_EMIT_LOC_STRINGS = NO;
				SWIFT_VERSION = 5.0;
				TARGETED_DEVICE_FAMILY = "1,2";
				TEST_HOST = "$(BUILT_PRODUCTS_DIR)/Spline.app/$(BUNDLE_EXECUTABLE_FOLDER_PATH)/Spline";
			};
			name = Release;
		};
		029236312B919A82001B5D71 /* Debug */ = {
			isa = XCBuildConfiguration;
			buildSettings = {
				ALWAYS_EMBED_SWIFT_STANDARD_LIBRARIES = YES;
				CODE_SIGN_STYLE = Automatic;
				CURRENT_PROJECT_VERSION = 1;
				DEVELOPMENT_TEAM = 3DJRKA35SF;
				GENERATE_INFOPLIST_FILE = YES;
				MARKETING_VERSION = 1.0;
				PRODUCT_BUNDLE_IDENTIFIER = com.hedlynogan.SplineUITests;
				PRODUCT_NAME = "$(TARGET_NAME)";
				SWIFT_EMIT_LOC_STRINGS = NO;
				SWIFT_VERSION = 5.0;
				TARGETED_DEVICE_FAMILY = "1,2";
				TEST_TARGET_NAME = Spline;
			};
			name = Debug;
		};
		029236322B919A82001B5D71 /* Release */ = {
			isa = XCBuildConfiguration;
			buildSettings = {
				ALWAYS_EMBED_SWIFT_STANDARD_LIBRARIES = YES;
				CODE_SIGN_STYLE = Automatic;
				CURRENT_PROJECT_VERSION = 1;
				DEVELOPMENT_TEAM = 3DJRKA35SF;
				GENERATE_INFOPLIST_FILE = YES;
				MARKETING_VERSION = 1.0;
				PRODUCT_BUNDLE_IDENTIFIER = com.hedlynogan.SplineUITests;
				PRODUCT_NAME = "$(TARGET_NAME)";
				SWIFT_EMIT_LOC_STRINGS = NO;
				SWIFT_VERSION = 5.0;
				TARGETED_DEVICE_FAMILY = "1,2";
				TEST_TARGET_NAME = Spline;
			};
			name = Release;
		};
/* End XCBuildConfiguration section */

/* Begin XCConfigurationList section */
		029236012B919A80001B5D71 /* Build configuration list for PBXProject "Spline" */ = {
			isa = XCConfigurationList;
			buildConfigurations = (
				029236282B919A82001B5D71 /* Debug */,
				029236292B919A82001B5D71 /* Release */,
			);
			defaultConfigurationIsVisible = 0;
			defaultConfigurationName = Release;
		};
		0292362A2B919A82001B5D71 /* Build configuration list for PBXNativeTarget "Spline" */ = {
			isa = XCConfigurationList;
			buildConfigurations = (
				0292362B2B919A82001B5D71 /* Debug */,
				0292362C2B919A82001B5D71 /* Release */,
			);
			defaultConfigurationIsVisible = 0;
			defaultConfigurationName = Release;
		};
		0292362D2B919A82001B5D71 /* Build configuration list for PBXNativeTarget "SplineTests" */ = {
			isa = XCConfigurationList;
			buildConfigurations = (
				0292362E2B919A82001B5D71 /* Debug */,
				0292362F2B919A82001B5D71 /* Release */,
			);
			defaultConfigurationIsVisible = 0;
			defaultConfigurationName = Release;
		};
		029236302B919A82001B5D71 /* Build configuration list for PBXNativeTarget "SplineUITests" */ = {
			isa = XCConfigurationList;
			buildConfigurations = (
				029236312B919A82001B5D71 /* Debug */,
				029236322B919A82001B5D71 /* Release */,
			);
			defaultConfigurationIsVisible = 0;
			defaultConfigurationName = Release;
		};
/* End XCConfigurationList section */
	};
	rootObject = 029235FE2B919A80001B5D71 /* Project object */;
}
